// !$*UTF8*$!
{
	archiveVersion = 1;
	classes = {
	};
	objectVersion = 55;
	objects = {

/* Begin PBXBuildFile section */
		2465BD652763FEF40051BC97 /* ButtonReuse.swift in Sources */ = {isa = PBXBuildFile; fileRef = 2465BD642763FEF40051BC97 /* ButtonReuse.swift */; };
		246A38BB275D561B00BB2DA6 /* AppDelegate.swift in Sources */ = {isa = PBXBuildFile; fileRef = 246A38BA275D561B00BB2DA6 /* AppDelegate.swift */; };
		246A38BD275D561B00BB2DA6 /* SceneDelegate.swift in Sources */ = {isa = PBXBuildFile; fileRef = 246A38BC275D561B00BB2DA6 /* SceneDelegate.swift */; };
		246A38BF275D561B00BB2DA6 /* ViewController.swift in Sources */ = {isa = PBXBuildFile; fileRef = 246A38BE275D561B00BB2DA6 /* ViewController.swift */; };
		246A38C2275D561B00BB2DA6 /* Main.storyboard in Resources */ = {isa = PBXBuildFile; fileRef = 246A38C0275D561B00BB2DA6 /* Main.storyboard */; };
		246A38C4275D561D00BB2DA6 /* Assets.xcassets in Resources */ = {isa = PBXBuildFile; fileRef = 246A38C3275D561D00BB2DA6 /* Assets.xcassets */; };
		246A38C7275D561D00BB2DA6 /* LaunchScreen.storyboard in Resources */ = {isa = PBXBuildFile; fileRef = 246A38C5275D561D00BB2DA6 /* LaunchScreen.storyboard */; };
		246A38D2275D561D00BB2DA6 /* hw3pracTests.swift in Sources */ = {isa = PBXBuildFile; fileRef = 246A38D1275D561D00BB2DA6 /* hw3pracTests.swift */; };
		246A38DC275D561D00BB2DA6 /* hw3pracUITests.swift in Sources */ = {isa = PBXBuildFile; fileRef = 246A38DB275D561D00BB2DA6 /* hw3pracUITests.swift */; };
		246A38DE275D561D00BB2DA6 /* hw3pracUITestsLaunchTests.swift in Sources */ = {isa = PBXBuildFile; fileRef = 246A38DD275D561D00BB2DA6 /* hw3pracUITestsLaunchTests.swift */; };
		246C78DF2763BA9E003D5F15 /* ButtonReuse.xib in Resources */ = {isa = PBXBuildFile; fileRef = 246C78DE2763BA9E003D5F15 /* ButtonReuse.xib */; };
/* End PBXBuildFile section */

/* Begin PBXContainerItemProxy section */
		246A38CE275D561D00BB2DA6 /* PBXContainerItemProxy */ = {
			isa = PBXContainerItemProxy;
			containerPortal = 246A38AF275D561B00BB2DA6 /* Project object */;
			proxyType = 1;
			remoteGlobalIDString = 246A38B6275D561B00BB2DA6;
			remoteInfo = hw3prac;
		};
		246A38D8275D561D00BB2DA6 /* PBXContainerItemProxy */ = {
			isa = PBXContainerItemProxy;
			containerPortal = 246A38AF275D561B00BB2DA6 /* Project object */;
			proxyType = 1;
			remoteGlobalIDString = 246A38B6275D561B00BB2DA6;
			remoteInfo = hw3prac;
		};
/* End PBXContainerItemProxy section */

/* Begin PBXFileReference section */
		2465BD642763FEF40051BC97 /* ButtonReuse.swift */ = {isa = PBXFileReference; lastKnownFileType = sourcecode.swift; path = ButtonReuse.swift; sourceTree = "<group>"; };
		246A38B7275D561B00BB2DA6 /* hw3prac.app */ = {isa = PBXFileReference; explicitFileType = wrapper.application; includeInIndex = 0; path = hw3prac.app; sourceTree = BUILT_PRODUCTS_DIR; };
		246A38BA275D561B00BB2DA6 /* AppDelegate.swift */ = {isa = PBXFileReference; lastKnownFileType = sourcecode.swift; path = AppDelegate.swift; sourceTree = "<group>"; };
		246A38BC275D561B00BB2DA6 /* SceneDelegate.swift */ = {isa = PBXFileReference; lastKnownFileType = sourcecode.swift; path = SceneDelegate.swift; sourceTree = "<group>"; };
		246A38BE275D561B00BB2DA6 /* ViewController.swift */ = {isa = PBXFileReference; lastKnownFileType = sourcecode.swift; path = ViewController.swift; sourceTree = "<group>"; };
		246A38C1275D561B00BB2DA6 /* Base */ = {isa = PBXFileReference; lastKnownFileType = file.storyboard; name = Base; path = Base.lproj/Main.storyboard; sourceTree = "<group>"; };
		246A38C3275D561D00BB2DA6 /* Assets.xcassets */ = {isa = PBXFileReference; lastKnownFileType = folder.assetcatalog; path = Assets.xcassets; sourceTree = "<group>"; };
		246A38C6275D561D00BB2DA6 /* Base */ = {isa = PBXFileReference; lastKnownFileType = file.storyboard; name = Base; path = Base.lproj/LaunchScreen.storyboard; sourceTree = "<group>"; };
		246A38C8275D561D00BB2DA6 /* Info.plist */ = {isa = PBXFileReference; lastKnownFileType = text.plist.xml; path = Info.plist; sourceTree = "<group>"; };
		246A38CD275D561D00BB2DA6 /* hw3pracTests.xctest */ = {isa = PBXFileReference; explicitFileType = wrapper.cfbundle; includeInIndex = 0; path = hw3pracTests.xctest; sourceTree = BUILT_PRODUCTS_DIR; };
		246A38D1275D561D00BB2DA6 /* hw3pracTests.swift */ = {isa = PBXFileReference; lastKnownFileType = sourcecode.swift; path = hw3pracTests.swift; sourceTree = "<group>"; };
		246A38D7275D561D00BB2DA6 /* hw3pracUITests.xctest */ = {isa = PBXFileReference; explicitFileType = wrapper.cfbundle; includeInIndex = 0; path = hw3pracUITests.xctest; sourceTree = BUILT_PRODUCTS_DIR; };
		246A38DB275D561D00BB2DA6 /* hw3pracUITests.swift */ = {isa = PBXFileReference; lastKnownFileType = sourcecode.swift; path = hw3pracUITests.swift; sourceTree = "<group>"; };
		246A38DD275D561D00BB2DA6 /* hw3pracUITestsLaunchTests.swift */ = {isa = PBXFileReference; lastKnownFileType = sourcecode.swift; path = hw3pracUITestsLaunchTests.swift; sourceTree = "<group>"; };
		246C78DE2763BA9E003D5F15 /* ButtonReuse.xib */ = {isa = PBXFileReference; lastKnownFileType = file.xib; path = ButtonReuse.xib; sourceTree = "<group>"; };
/* End PBXFileReference section */

/* Begin PBXFrameworksBuildPhase section */
		246A38B4275D561B00BB2DA6 /* Frameworks */ = {
			isa = PBXFrameworksBuildPhase;
			buildActionMask = 2147483647;
			files = (
			);
			runOnlyForDeploymentPostprocessing = 0;
		};
		246A38CA275D561D00BB2DA6 /* Frameworks */ = {
			isa = PBXFrameworksBuildPhase;
			buildActionMask = 2147483647;
			files = (
			);
			runOnlyForDeploymentPostprocessing = 0;
		};
		246A38D4275D561D00BB2DA6 /* Frameworks */ = {
			isa = PBXFrameworksBuildPhase;
			buildActionMask = 2147483647;
			files = (
			);
			runOnlyForDeploymentPostprocessing = 0;
		};
/* End PBXFrameworksBuildPhase section */

/* Begin PBXGroup section */
		246A38AE275D561B00BB2DA6 = {
			isa = PBXGroup;
			children = (
				246A38B9275D561B00BB2DA6 /* hw3prac */,
				246A38D0275D561D00BB2DA6 /* hw3pracTests */,
				246A38DA275D561D00BB2DA6 /* hw3pracUITests */,
				246A38B8275D561B00BB2DA6 /* Products */,
			);
			sourceTree = "<group>";
		};
		246A38B8275D561B00BB2DA6 /* Products */ = {
			isa = PBXGroup;
			children = (
				246A38B7275D561B00BB2DA6 /* hw3prac.app */,
				246A38CD275D561D00BB2DA6 /* hw3pracTests.xctest */,
				246A38D7275D561D00BB2DA6 /* hw3pracUITests.xctest */,
			);
			name = Products;
			sourceTree = "<group>";
		};
		246A38B9275D561B00BB2DA6 /* hw3prac */ = {
			isa = PBXGroup;
			children = (
				246A38BA275D561B00BB2DA6 /* AppDelegate.swift */,
				246A38BC275D561B00BB2DA6 /* SceneDelegate.swift */,
				246A38BE275D561B00BB2DA6 /* ViewController.swift */,
				246A38C0275D561B00BB2DA6 /* Main.storyboard */,
				246A38C3275D561D00BB2DA6 /* Assets.xcassets */,
				246A38C5275D561D00BB2DA6 /* LaunchScreen.storyboard */,
				246C78DE2763BA9E003D5F15 /* ButtonReuse.xib */,
				2465BD642763FEF40051BC97 /* ButtonReuse.swift */,
				246A38C8275D561D00BB2DA6 /* Info.plist */,
			);
			path = hw3prac;
			sourceTree = "<group>";
		};
		246A38D0275D561D00BB2DA6 /* hw3pracTests */ = {
			isa = PBXGroup;
			children = (
				246A38D1275D561D00BB2DA6 /* hw3pracTests.swift */,
			);
			path = hw3pracTests;
			sourceTree = "<group>";
		};
		246A38DA275D561D00BB2DA6 /* hw3pracUITests */ = {
			isa = PBXGroup;
			children = (
				246A38DB275D561D00BB2DA6 /* hw3pracUITests.swift */,
				246A38DD275D561D00BB2DA6 /* hw3pracUITestsLaunchTests.swift */,
			);
			path = hw3pracUITests;
			sourceTree = "<group>";
		};
/* End PBXGroup section */

/* Begin PBXNativeTarget section */
		246A38B6275D561B00BB2DA6 /* hw3prac */ = {
			isa = PBXNativeTarget;
			buildConfigurationList = 246A38E1275D561D00BB2DA6 /* Build configuration list for PBXNativeTarget "hw3prac" */;
			buildPhases = (
				246A38B3275D561B00BB2DA6 /* Sources */,
				246A38B4275D561B00BB2DA6 /* Frameworks */,
				246A38B5275D561B00BB2DA6 /* Resources */,
			);
			buildRules = (
			);
			dependencies = (
			);
			name = hw3prac;
			productName = hw3prac;
			productReference = 246A38B7275D561B00BB2DA6 /* hw3prac.app */;
			productType = "com.apple.product-type.application";
		};
		246A38CC275D561D00BB2DA6 /* hw3pracTests */ = {
			isa = PBXNativeTarget;
			buildConfigurationList = 246A38E4275D561D00BB2DA6 /* Build configuration list for PBXNativeTarget "hw3pracTests" */;
			buildPhases = (
				246A38C9275D561D00BB2DA6 /* Sources */,
				246A38CA275D561D00BB2DA6 /* Frameworks */,
				246A38CB275D561D00BB2DA6 /* Resources */,
			);
			buildRules = (
			);
			dependencies = (
				246A38CF275D561D00BB2DA6 /* PBXTargetDependency */,
			);
			name = hw3pracTests;
			productName = hw3pracTests;
			productReference = 246A38CD275D561D00BB2DA6 /* hw3pracTests.xctest */;
			productType = "com.apple.product-type.bundle.unit-test";
		};
		246A38D6275D561D00BB2DA6 /* hw3pracUITests */ = {
			isa = PBXNativeTarget;
			buildConfigurationList = 246A38E7275D561D00BB2DA6 /* Build configuration list for PBXNativeTarget "hw3pracUITests" */;
			buildPhases = (
				246A38D3275D561D00BB2DA6 /* Sources */,
				246A38D4275D561D00BB2DA6 /* Frameworks */,
				246A38D5275D561D00BB2DA6 /* Resources */,
			);
			buildRules = (
			);
			dependencies = (
				246A38D9275D561D00BB2DA6 /* PBXTargetDependency */,
			);
			name = hw3pracUITests;
			productName = hw3pracUITests;
			productReference = 246A38D7275D561D00BB2DA6 /* hw3pracUITests.xctest */;
			productType = "com.apple.product-type.bundle.ui-testing";
		};
/* End PBXNativeTarget section */

/* Begin PBXProject section */
		246A38AF275D561B00BB2DA6 /* Project object */ = {
			isa = PBXProject;
			attributes = {
				BuildIndependentTargetsInParallel = 1;
				LastSwiftUpdateCheck = 1300;
				LastUpgradeCheck = 1300;
				TargetAttributes = {
					246A38B6275D561B00BB2DA6 = {
						CreatedOnToolsVersion = 13.0;
					};
					246A38CC275D561D00BB2DA6 = {
						CreatedOnToolsVersion = 13.0;
						TestTargetID = 246A38B6275D561B00BB2DA6;
					};
					246A38D6275D561D00BB2DA6 = {
						CreatedOnToolsVersion = 13.0;
						TestTargetID = 246A38B6275D561B00BB2DA6;
					};
				};
			};
			buildConfigurationList = 246A38B2275D561B00BB2DA6 /* Build configuration list for PBXProject "hw3prac" */;
			compatibilityVersion = "Xcode 13.0";
			developmentRegion = en;
			hasScannedForEncodings = 0;
			knownRegions = (
				en,
				Base,
			);
			mainGroup = 246A38AE275D561B00BB2DA6;
			productRefGroup = 246A38B8275D561B00BB2DA6 /* Products */;
			projectDirPath = "";
			projectRoot = "";
			targets = (
				246A38B6275D561B00BB2DA6 /* hw3prac */,
				246A38CC275D561D00BB2DA6 /* hw3pracTests */,
				246A38D6275D561D00BB2DA6 /* hw3pracUITests */,
			);
		};
/* End PBXProject section */

/* Begin PBXResourcesBuildPhase section */
		246A38B5275D561B00BB2DA6 /* Resources */ = {
			isa = PBXResourcesBuildPhase;
			buildActionMask = 2147483647;
			files = (
				246A38C7275D561D00BB2DA6 /* LaunchScreen.storyboard in Resources */,
				246A38C4275D561D00BB2DA6 /* Assets.xcassets in Resources */,
				246C78DF2763BA9E003D5F15 /* ButtonReuse.xib in Resources */,
				246A38C2275D561B00BB2DA6 /* Main.storyboard in Resources */,
			);
			runOnlyForDeploymentPostprocessing = 0;
		};
		246A38CB275D561D00BB2DA6 /* Resources */ = {
			isa = PBXResourcesBuildPhase;
			buildActionMask = 2147483647;
			files = (
			);
			runOnlyForDeploymentPostprocessing = 0;
		};
		246A38D5275D561D00BB2DA6 /* Resources */ = {
			isa = PBXResourcesBuildPhase;
			buildActionMask = 2147483647;
			files = (
			);
			runOnlyForDeploymentPostprocessing = 0;
		};
/* End PBXResourcesBuildPhase section */

/* Begin PBXSourcesBuildPhase section */
		246A38B3275D561B00BB2DA6 /* Sources */ = {
			isa = PBXSourcesBuildPhase;
			buildActionMask = 2147483647;
			files = (
				2465BD652763FEF40051BC97 /* ButtonReuse.swift in Sources */,
				246A38BF275D561B00BB2DA6 /* ViewController.swift in Sources */,
				246A38BB275D561B00BB2DA6 /* AppDelegate.swift in Sources */,
				246A38BD275D561B00BB2DA6 /* SceneDelegate.swift in Sources */,
			);
			runOnlyForDeploymentPostprocessing = 0;
		};
		246A38C9275D561D00BB2DA6 /* Sources */ = {
			isa = PBXSourcesBuildPhase;
			buildActionMask = 2147483647;
			files = (
				246A38D2275D561D00BB2DA6 /* hw3pracTests.swift in Sources */,
			);
			runOnlyForDeploymentPostprocessing = 0;
		};
		246A38D3275D561D00BB2DA6 /* Sources */ = {
			isa = PBXSourcesBuildPhase;
			buildActionMask = 2147483647;
			files = (
				246A38DC275D561D00BB2DA6 /* hw3pracUITests.swift in Sources */,
				246A38DE275D561D00BB2DA6 /* hw3pracUITestsLaunchTests.swift in Sources */,
			);
			runOnlyForDeploymentPostprocessing = 0;
		};
/* End PBXSourcesBuildPhase section */

/* Begin PBXTargetDependency section */
		246A38CF275D561D00BB2DA6 /* PBXTargetDependency */ = {
			isa = PBXTargetDependency;
			target = 246A38B6275D561B00BB2DA6 /* hw3prac */;
			targetProxy = 246A38CE275D561D00BB2DA6 /* PBXContainerItemProxy */;
		};
		246A38D9275D561D00BB2DA6 /* PBXTargetDependency */ = {
			isa = PBXTargetDependency;
			target = 246A38B6275D561B00BB2DA6 /* hw3prac */;
			targetProxy = 246A38D8275D561D00BB2DA6 /* PBXContainerItemProxy */;
		};
/* End PBXTargetDependency section */

/* Begin PBXVariantGroup section */
		246A38C0275D561B00BB2DA6 /* Main.storyboard */ = {
			isa = PBXVariantGroup;
			children = (
				246A38C1275D561B00BB2DA6 /* Base */,
			);
			name = Main.storyboard;
			sourceTree = "<group>";
		};
		246A38C5275D561D00BB2DA6 /* LaunchScreen.storyboard */ = {
			isa = PBXVariantGroup;
			children = (
				246A38C6275D561D00BB2DA6 /* Base */,
			);
			name = LaunchScreen.storyboard;
			sourceTree = "<group>";
		};
/* End PBXVariantGroup section */

/* Begin XCBuildConfiguration section */
		246A38DF275D561D00BB2DA6 /* Debug */ = {
			isa = XCBuildConfiguration;
			buildSettings = {
				ALWAYS_SEARCH_USER_PATHS = NO;
				CLANG_ANALYZER_NONNULL = YES;
				CLANG_ANALYZER_NUMBER_OBJECT_CONVERSION = YES_AGGRESSIVE;
				CLANG_CXX_LANGUAGE_STANDARD = "gnu++17";
				CLANG_CXX_LIBRARY = "libc++";
				CLANG_ENABLE_MODULES = YES;
				CLANG_ENABLE_OBJC_ARC = YES;
				CLANG_ENABLE_OBJC_WEAK = YES;
				CLANG_WARN_BLOCK_CAPTURE_AUTORELEASING = YES;
				CLANG_WARN_BOOL_CONVERSION = YES;
				CLANG_WARN_COMMA = YES;
				CLANG_WARN_CONSTANT_CONVERSION = YES;
				CLANG_WARN_DEPRECATED_OBJC_IMPLEMENTATIONS = YES;
				CLANG_WARN_DIRECT_OBJC_ISA_USAGE = YES_ERROR;
				CLANG_WARN_DOCUMENTATION_COMMENTS = YES;
				CLANG_WARN_EMPTY_BODY = YES;
				CLANG_WARN_ENUM_CONVERSION = YES;
				CLANG_WARN_INFINITE_RECURSION = YES;
				CLANG_WARN_INT_CONVERSION = YES;
				CLANG_WARN_NON_LITERAL_NULL_CONVERSION = YES;
				CLANG_WARN_OBJC_IMPLICIT_RETAIN_SELF = YES;
				CLANG_WARN_OBJC_LITERAL_CONVERSION = YES;
				CLANG_WARN_OBJC_ROOT_CLASS = YES_ERROR;
				CLANG_WARN_QUOTED_INCLUDE_IN_FRAMEWORK_HEADER = YES;
				CLANG_WARN_RANGE_LOOP_ANALYSIS = YES;
				CLANG_WARN_STRICT_PROTOTYPES = YES;
				CLANG_WARN_SUSPICIOUS_MOVE = YES;
				CLANG_WARN_UNGUARDED_AVAILABILITY = YES_AGGRESSIVE;
				CLANG_WARN_UNREACHABLE_CODE = YES;
				CLANG_WARN__DUPLICATE_METHOD_MATCH = YES;
				COPY_PHASE_STRIP = NO;
				DEBUG_INFORMATION_FORMAT = dwarf;
				ENABLE_STRICT_OBJC_MSGSEND = YES;
				ENABLE_TESTABILITY = YES;
				GCC_C_LANGUAGE_STANDARD = gnu11;
				GCC_DYNAMIC_NO_PIC = NO;
				GCC_NO_COMMON_BLOCKS = YES;
				GCC_OPTIMIZATION_LEVEL = 0;
				GCC_PREPROCESSOR_DEFINITIONS = (
					"DEBUG=1",
					"$(inherited)",
				);
				GCC_WARN_64_TO_32_BIT_CONVERSION = YES;
				GCC_WARN_ABOUT_RETURN_TYPE = YES_ERROR;
				GCC_WARN_UNDECLARED_SELECTOR = YES;
				GCC_WARN_UNINITIALIZED_AUTOS = YES_AGGRESSIVE;
				GCC_WARN_UNUSED_FUNCTION = YES;
				GCC_WARN_UNUSED_VARIABLE = YES;
				IPHONEOS_DEPLOYMENT_TARGET = 15.0;
				MTL_ENABLE_DEBUG_INFO = INCLUDE_SOURCE;
				MTL_FAST_MATH = YES;
				ONLY_ACTIVE_ARCH = YES;
				SDKROOT = iphoneos;
				SWIFT_ACTIVE_COMPILATION_CONDITIONS = DEBUG;
				SWIFT_OPTIMIZATION_LEVEL = "-Onone";
			};
			name = Debug;
		};
		246A38E0275D561D00BB2DA6 /* Release */ = {
			isa = XCBuildConfiguration;
			buildSettings = {
				ALWAYS_SEARCH_USER_PATHS = NO;
				CLANG_ANALYZER_NONNULL = YES;
				CLANG_ANALYZER_NUMBER_OBJECT_CONVERSION = YES_AGGRESSIVE;
				CLANG_CXX_LANGUAGE_STANDARD = "gnu++17";
				CLANG_CXX_LIBRARY = "libc++";
				CLANG_ENABLE_MODULES = YES;
				CLANG_ENABLE_OBJC_ARC = YES;
				CLANG_ENABLE_OBJC_WEAK = YES;
				CLANG_WARN_BLOCK_CAPTURE_AUTORELEASING = YES;
				CLANG_WARN_BOOL_CONVERSION = YES;
				CLANG_WARN_COMMA = YES;
				CLANG_WARN_CONSTANT_CONVERSION = YES;
				CLANG_WARN_DEPRECATED_OBJC_IMPLEMENTATIONS = YES;
				CLANG_WARN_DIRECT_OBJC_ISA_USAGE = YES_ERROR;
				CLANG_WARN_DOCUMENTATION_COMMENTS = YES;
				CLANG_WARN_EMPTY_BODY = YES;
				CLANG_WARN_ENUM_CONVERSION = YES;
				CLANG_WARN_INFINITE_RECURSION = YES;
				CLANG_WARN_INT_CONVERSION = YES;
				CLANG_WARN_NON_LITERAL_NULL_CONVERSION = YES;
				CLANG_WARN_OBJC_IMPLICIT_RETAIN_SELF = YES;
				CLANG_WARN_OBJC_LITERAL_CONVERSION = YES;
				CLANG_WARN_OBJC_ROOT_CLASS = YES_ERROR;
				CLANG_WARN_QUOTED_INCLUDE_IN_FRAMEWORK_HEADER = YES;
				CLANG_WARN_RANGE_LOOP_ANALYSIS = YES;
				CLANG_WARN_STRICT_PROTOTYPES = YES;
				CLANG_WARN_SUSPICIOUS_MOVE = YES;
				CLANG_WARN_UNGUARDED_AVAILABILITY = YES_AGGRESSIVE;
				CLANG_WARN_UNREACHABLE_CODE = YES;
				CLANG_WARN__DUPLICATE_METHOD_MATCH = YES;
				COPY_PHASE_STRIP = NO;
				DEBUG_INFORMATION_FORMAT = "dwarf-with-dsym";
				ENABLE_NS_ASSERTIONS = NO;
				ENABLE_STRICT_OBJC_MSGSEND = YES;
				GCC_C_LANGUAGE_STANDARD = gnu11;
				GCC_NO_COMMON_BLOCKS = YES;
				GCC_WARN_64_TO_32_BIT_CONVERSION = YES;
				GCC_WARN_ABOUT_RETURN_TYPE = YES_ERROR;
				GCC_WARN_UNDECLARED_SELECTOR = YES;
				GCC_WARN_UNINITIALIZED_AUTOS = YES_AGGRESSIVE;
				GCC_WARN_UNUSED_FUNCTION = YES;
				GCC_WARN_UNUSED_VARIABLE = YES;
				IPHONEOS_DEPLOYMENT_TARGET = 15.0;
				MTL_ENABLE_DEBUG_INFO = NO;
				MTL_FAST_MATH = YES;
				SDKROOT = iphoneos;
				SWIFT_COMPILATION_MODE = wholemodule;
				SWIFT_OPTIMIZATION_LEVEL = "-O";
				VALIDATE_PRODUCT = YES;
			};
			name = Release;
		};
		246A38E2275D561D00BB2DA6 /* Debug */ = {
			isa = XCBuildConfiguration;
			buildSettings = {
				ASSETCATALOG_COMPILER_APPICON_NAME = AppIcon;
				ASSETCATALOG_COMPILER_GLOBAL_ACCENT_COLOR_NAME = AccentColor;
				CODE_SIGN_STYLE = Automatic;
				CURRENT_PROJECT_VERSION = 1;
				GENERATE_INFOPLIST_FILE = YES;
				INFOPLIST_FILE = hw3prac/Info.plist;
				INFOPLIST_KEY_UIApplicationSupportsIndirectInputEvents = YES;
				INFOPLIST_KEY_UILaunchStoryboardName = LaunchScreen;
				INFOPLIST_KEY_UIMainStoryboardFile = Main;
				INFOPLIST_KEY_UISupportedInterfaceOrientations_iPad = "UIInterfaceOrientationPortrait UIInterfaceOrientationPortraitUpsideDown UIInterfaceOrientationLandscapeLeft UIInterfaceOrientationLandscapeRight";
				INFOPLIST_KEY_UISupportedInterfaceOrientations_iPhone = "UIInterfaceOrientationPortrait UIInterfaceOrientationLandscapeLeft UIInterfaceOrientationLandscapeRight";
				LD_RUNPATH_SEARCH_PATHS = (
					"$(inherited)",
					"@executable_path/Frameworks",
				);
				MARKETING_VERSION = 1.0;
				PRODUCT_BUNDLE_IDENTIFIER = freeuni.hw3prac;
				PRODUCT_NAME = "$(TARGET_NAME)";
				SWIFT_EMIT_LOC_STRINGS = YES;
				SWIFT_VERSION = 5.0;
				TARGETED_DEVICE_FAMILY = "1,2";
			};
			name = Debug;
		};
		246A38E3275D561D00BB2DA6 /* Release */ = {
			isa = XCBuildConfiguration;
			buildSettings = {
				ASSETCATALOG_COMPILER_APPICON_NAME = AppIcon;
				ASSETCATALOG_COMPILER_GLOBAL_ACCENT_COLOR_NAME = AccentColor;
				CODE_SIGN_STYLE = Automatic;
				CURRENT_PROJECT_VERSION = 1;
				GENERATE_INFOPLIST_FILE = YES;
				INFOPLIST_FILE = hw3prac/Info.plist;
				INFOPLIST_KEY_UIApplicationSupportsIndirectInputEvents = YES;
				INFOPLIST_KEY_UILaunchStoryboardName = LaunchScreen;
				INFOPLIST_KEY_UIMainStoryboardFile = Main;
				INFOPLIST_KEY_UISupportedInterfaceOrientations_iPad = "UIInterfaceOrientationPortrait UIInterfaceOrientationPortraitUpsideDown UIInterfaceOrientationLandscapeLeft UIInterfaceOrientationLandscapeRight";
				INFOPLIST_KEY_UISupportedInterfaceOrientations_iPhone = "UIInterfaceOrientationPortrait UIInterfaceOrientationLandscapeLeft UIInterfaceOrientationLandscapeRight";
				LD_RUNPATH_SEARCH_PATHS = (
					"$(inherited)",
					"@executable_path/Frameworks",
				);
				MARKETING_VERSION = 1.0;
				PRODUCT_BUNDLE_IDENTIFIER = freeuni.hw3prac;
				PRODUCT_NAME = "$(TARGET_NAME)";
				SWIFT_EMIT_LOC_STRINGS = YES;
				SWIFT_VERSION = 5.0;
				TARGETED_DEVICE_FAMILY = "1,2";
			};
			name = Release;
		};
		246A38E5275D561D00BB2DA6 /* Debug */ = {
			isa = XCBuildConfiguration;
			buildSettings = {
				ALWAYS_EMBED_SWIFT_STANDARD_LIBRARIES = YES;
				BUNDLE_LOADER = "$(TEST_HOST)";
				CODE_SIGN_STYLE = Automatic;
				CURRENT_PROJECT_VERSION = 1;
				GENERATE_INFOPLIST_FILE = YES;
				IPHONEOS_DEPLOYMENT_TARGET = 15.0;
				LD_RUNPATH_SEARCH_PATHS = (
					"$(inherited)",
					"@executable_path/Frameworks",
					"@loader_path/Frameworks",
				);
				MARKETING_VERSION = 1.0;
				PRODUCT_BUNDLE_IDENTIFIER = freeuni.hw3pracTests;
				PRODUCT_NAME = "$(TARGET_NAME)";
				SWIFT_EMIT_LOC_STRINGS = NO;
				SWIFT_VERSION = 5.0;
				TARGETED_DEVICE_FAMILY = "1,2";
				TEST_HOST = "$(BUILT_PRODUCTS_DIR)/hw3prac.app/hw3prac";
			};
			name = Debug;
		};
		246A38E6275D561D00BB2DA6 /* Release */ = {
			isa = XCBuildConfiguration;
			buildSettings = {
				ALWAYS_EMBED_SWIFT_STANDARD_LIBRARIES = YES;
				BUNDLE_LOADER = "$(TEST_HOST)";
				CODE_SIGN_STYLE = Automatic;
				CURRENT_PROJECT_VERSION = 1;
				GENERATE_INFOPLIST_FILE = YES;
				IPHONEOS_DEPLOYMENT_TARGET = 15.0;
				LD_RUNPATH_SEARCH_PATHS = (
					"$(inherited)",
					"@executable_path/Frameworks",
					"@loader_path/Frameworks",
				);
				MARKETING_VERSION = 1.0;
				PRODUCT_BUNDLE_IDENTIFIER = freeuni.hw3pracTests;
				PRODUCT_NAME = "$(TARGET_NAME)";
				SWIFT_EMIT_LOC_STRINGS = NO;
				SWIFT_VERSION = 5.0;
				TARGETED_DEVICE_FAMILY = "1,2";
				TEST_HOST = "$(BUILT_PRODUCTS_DIR)/hw3prac.app/hw3prac";
			};
			name = Release;
		};
		246A38E8275D561D00BB2DA6 /* Debug */ = {
			isa = XCBuildConfiguration;
			buildSettings = {
				ALWAYS_EMBED_SWIFT_STANDARD_LIBRARIES = YES;
				CODE_SIGN_STYLE = Automatic;
				CURRENT_PROJECT_VERSION = 1;
				GENERATE_INFOPLIST_FILE = YES;
				LD_RUNPATH_SEARCH_PATHS = (
					"$(inherited)",
					"@executable_path/Frameworks",
					"@loader_path/Frameworks",
				);
				MARKETING_VERSION = 1.0;
				PRODUCT_BUNDLE_IDENTIFIER = freeuni.hw3pracUITests;
				PRODUCT_NAME = "$(TARGET_NAME)";
				SWIFT_EMIT_LOC_STRINGS = NO;
				SWIFT_VERSION = 5.0;
				TARGETED_DEVICE_FAMILY = "1,2";
				TEST_TARGET_NAME = hw3prac;
			};
			name = Debug;
		};
		246A38E9275D561D00BB2DA6 /* Release */ = {
			isa = XCBuildConfiguration;
			buildSettings = {
				ALWAYS_EMBED_SWIFT_STANDARD_LIBRARIES = YES;
				CODE_SIGN_STYLE = Automatic;
				CURRENT_PROJECT_VERSION = 1;
				GENERATE_INFOPLIST_FILE = YES;
				LD_RUNPATH_SEARCH_PATHS = (
					"$(inherited)",
					"@executable_path/Frameworks",
					"@loader_path/Frameworks",
				);
				MARKETING_VERSION = 1.0;
				PRODUCT_BUNDLE_IDENTIFIER = freeuni.hw3pracUITests;
				PRODUCT_NAME = "$(TARGET_NAME)";
				SWIFT_EMIT_LOC_STRINGS = NO;
				SWIFT_VERSION = 5.0;
				TARGETED_DEVICE_FAMILY = "1,2";
				TEST_TARGET_NAME = hw3prac;
			};
			name = Release;
		};
/* End XCBuildConfiguration section */

/* Begin XCConfigurationList section */
		246A38B2275D561B00BB2DA6 /* Build configuration list for PBXProject "hw3prac" */ = {
			isa = XCConfigurationList;
			buildConfigurations = (
				246A38DF275D561D00BB2DA6 /* Debug */,
				246A38E0275D561D00BB2DA6 /* Release */,
			);
			defaultConfigurationIsVisible = 0;
			defaultConfigurationName = Release;
		};
		246A38E1275D561D00BB2DA6 /* Build configuration list for PBXNativeTarget "hw3prac" */ = {
			isa = XCConfigurationList;
			buildConfigurations = (
				246A38E2275D561D00BB2DA6 /* Debug */,
				246A38E3275D561D00BB2DA6 /* Release */,
			);
			defaultConfigurationIsVisible = 0;
			defaultConfigurationName = Release;
		};
		246A38E4275D561D00BB2DA6 /* Build configuration list for PBXNativeTarget "hw3pracTests" */ = {
			isa = XCConfigurationList;
			buildConfigurations = (
				246A38E5275D561D00BB2DA6 /* Debug */,
				246A38E6275D561D00BB2DA6 /* Release */,
			);
			defaultConfigurationIsVisible = 0;
			defaultConfigurationName = Release;
		};
		246A38E7275D561D00BB2DA6 /* Build configuration list for PBXNativeTarget "hw3pracUITests" */ = {
			isa = XCConfigurationList;
			buildConfigurations = (
				246A38E8275D561D00BB2DA6 /* Debug */,
				246A38E9275D561D00BB2DA6 /* Release */,
			);
			defaultConfigurationIsVisible = 0;
			defaultConfigurationName = Release;
		};
/* End XCConfigurationList section */
	};
	rootObject = 246A38AF275D561B00BB2DA6 /* Project object */;
}
